// !$*UTF8*$!
{
	archiveVersion = 1;
	classes = {
	};
	objectVersion = 50;
	objects = {

/* Begin PBXBuildFile section */
		CE82ACA52118C3EF0034C67B /* AppDelegate.swift in Sources */ = {isa = PBXBuildFile; fileRef = CE82ACA42118C3EF0034C67B /* AppDelegate.swift */; };
		CE82ACA72118C3EF0034C67B /* ViewController.swift in Sources */ = {isa = PBXBuildFile; fileRef = CE82ACA62118C3EF0034C67B /* ViewController.swift */; };
		CE82ACAA2118C3EF0034C67B /* Main.storyboard in Resources */ = {isa = PBXBuildFile; fileRef = CE82ACA82118C3EF0034C67B /* Main.storyboard */; };
		CE82ACAC2118C3F20034C67B /* Assets.xcassets in Resources */ = {isa = PBXBuildFile; fileRef = CE82ACAB2118C3F20034C67B /* Assets.xcassets */; };
		CE82ACAF2118C3F20034C67B /* LaunchScreen.storyboard in Resources */ = {isa = PBXBuildFile; fileRef = CE82ACAD2118C3F20034C67B /* LaunchScreen.storyboard */; };
		CE82ACB72118C4290034C67B /* GesturesViewController.swift in Sources */ = {isa = PBXBuildFile; fileRef = CE82ACB62118C4290034C67B /* GesturesViewController.swift */; };
		CE82ACB92118C4400034C67B /* AnimationsViewController.swift in Sources */ = {isa = PBXBuildFile; fileRef = CE82ACB82118C4400034C67B /* AnimationsViewController.swift */; };
/* End PBXBuildFile section */

/* Begin PBXFileReference section */
		CE82ACA12118C3EF0034C67B /* Gestures&Animations.app */ = {isa = PBXFileReference; explicitFileType = wrapper.application; includeInIndex = 0; path = "Gestures&Animations.app"; sourceTree = BUILT_PRODUCTS_DIR; };
		CE82ACA42118C3EF0034C67B /* AppDelegate.swift */ = {isa = PBXFileReference; lastKnownFileType = sourcecode.swift; path = AppDelegate.swift; sourceTree = "<group>"; };
		CE82ACA62118C3EF0034C67B /* ViewController.swift */ = {isa = PBXFileReference; lastKnownFileType = sourcecode.swift; path = ViewController.swift; sourceTree = "<group>"; };
		CE82ACA92118C3EF0034C67B /* Base */ = {isa = PBXFileReference; lastKnownFileType = file.storyboard; name = Base; path = Base.lproj/Main.storyboard; sourceTree = "<group>"; };
		CE82ACAB2118C3F20034C67B /* Assets.xcassets */ = {isa = PBXFileReference; lastKnownFileType = folder.assetcatalog; path = Assets.xcassets; sourceTree = "<group>"; };
		CE82ACAE2118C3F20034C67B /* Base */ = {isa = PBXFileReference; lastKnownFileType = file.storyboard; name = Base; path = Base.lproj/LaunchScreen.storyboard; sourceTree = "<group>"; };
		CE82ACB02118C3F20034C67B /* Info.plist */ = {isa = PBXFileReference; lastKnownFileType = text.plist.xml; path = Info.plist; sourceTree = "<group>"; };
		CE82ACB62118C4290034C67B /* GesturesViewController.swift */ = {isa = PBXFileReference; lastKnownFileType = sourcecode.swift; path = GesturesViewController.swift; sourceTree = "<group>"; };
		CE82ACB82118C4400034C67B /* AnimationsViewController.swift */ = {isa = PBXFileReference; lastKnownFileType = sourcecode.swift; path = AnimationsViewController.swift; sourceTree = "<group>"; };
/* End PBXFileReference section */

/* Begin PBXFrameworksBuildPhase section */
		CE82AC9E2118C3EF0034C67B /* Frameworks */ = {
			isa = PBXFrameworksBuildPhase;
			buildActionMask = 2147483647;
			files = (
			);
			runOnlyForDeploymentPostprocessing = 0;
		};
/* End PBXFrameworksBuildPhase section */

/* Begin PBXGroup section */
		CE82AC982118C3EF0034C67B = {
			isa = PBXGroup;
			children = (
				CE82ACA32118C3EF0034C67B /* Gestures&Animations */,
				CE82ACA22118C3EF0034C67B /* Products */,
			);
			sourceTree = "<group>";
		};
		CE82ACA22118C3EF0034C67B /* Products */ = {
			isa = PBXGroup;
			children = (
				CE82ACA12118C3EF0034C67B /* Gestures&Animations.app */,
			);
			name = Products;
			sourceTree = "<group>";
		};
		CE82ACA32118C3EF0034C67B /* Gestures&Animations */ = {
			isa = PBXGroup;
			children = (
				CE82ACA42118C3EF0034C67B /* AppDelegate.swift */,
				CE82ACA62118C3EF0034C67B /* ViewController.swift */,
				CE82ACB82118C4400034C67B /* AnimationsViewController.swift */,
				CE82ACB62118C4290034C67B /* GesturesViewController.swift */,
				CE82ACA82118C3EF0034C67B /* Main.storyboard */,
				CE82ACAB2118C3F20034C67B /* Assets.xcassets */,
				CE82ACAD2118C3F20034C67B /* LaunchScreen.storyboard */,
				CE82ACB02118C3F20034C67B /* Info.plist */,
			);
			path = "Gestures&Animations";
			sourceTree = "<group>";
		};
/* End PBXGroup section */

/* Begin PBXNativeTarget section */
		CE82ACA02118C3EF0034C67B /* Gestures&Animations */ = {
			isa = PBXNativeTarget;
			buildConfigurationList = CE82ACB32118C3F20034C67B /* Build configuration list for PBXNativeTarget "Gestures&Animations" */;
			buildPhases = (
				CE82AC9D2118C3EF0034C67B /* Sources */,
				CE82AC9E2118C3EF0034C67B /* Frameworks */,
				CE82AC9F2118C3EF0034C67B /* Resources */,
			);
			buildRules = (
			);
			dependencies = (
			);
			name = "Gestures&Animations";
			productName = "Gestures&Animations";
			productReference = CE82ACA12118C3EF0034C67B /* Gestures&Animations.app */;
			productType = "com.apple.product-type.application";
		};
/* End PBXNativeTarget section */

/* Begin PBXProject section */
		CE82AC992118C3EF0034C67B /* Project object */ = {
			isa = PBXProject;
			attributes = {
				LastSwiftUpdateCheck = 0940;
				LastUpgradeCheck = 0940;
				ORGANIZATIONNAME = "Sanjay Shah";
				TargetAttributes = {
					CE82ACA02118C3EF0034C67B = {
						CreatedOnToolsVersion = 9.4.1;
					};
				};
			};
			buildConfigurationList = CE82AC9C2118C3EF0034C67B /* Build configuration list for PBXProject "Gestures&Animations" */;
			compatibilityVersion = "Xcode 9.3";
			developmentRegion = en;
			hasScannedForEncodings = 0;
			knownRegions = (
				en,
				Base,
			);
			mainGroup = CE82AC982118C3EF0034C67B;
			productRefGroup = CE82ACA22118C3EF0034C67B /* Products */;
			projectDirPath = "";
			projectRoot = "";
			targets = (
				CE82ACA02118C3EF0034C67B /* Gestures&Animations */,
			);
		};
/* End PBXProject section */

/* Begin PBXResourcesBuildPhase section */
		CE82AC9F2118C3EF0034C67B /* Resources */ = {
			isa = PBXResourcesBuildPhase;
			buildActionMask = 2147483647;
			files = (
				CE82ACAF2118C3F20034C67B /* LaunchScreen.storyboard in Resources */,
				CE82ACAC2118C3F20034C67B /* Assets.xcassets in Resources */,
				CE82ACAA2118C3EF0034C67B /* Main.storyboard in Resources */,
			);
			runOnlyForDeploymentPostprocessing = 0;
		};
/* End PBXResourcesBuildPhase section */

/* Begin PBXSourcesBuildPhase section */
		CE82AC9D2118C3EF0034C67B /* Sources */ = {
			isa = PBXSourcesBuildPhase;
			buildActionMask = 2147483647;
			files = (
				CE82ACA72118C3EF0034C67B /* ViewController.swift in Sources */,
				CE82ACA52118C3EF0034C67B /* AppDelegate.swift in Sources */,
				CE82ACB72118C4290034C67B /* GesturesViewController.swift in Sources */,
				CE82ACB92118C4400034C67B /* AnimationsViewController.swift in Sources */,
			);
			runOnlyForDeploymentPostprocessing = 0;
		};
/* End PBXSourcesBuildPhase section */

/* Begin PBXVariantGroup section */
		CE82ACA82118C3EF0034C67B /* Main.storyboard */ = {
			isa = PBXVariantGroup;
			children = (
				CE82ACA92118C3EF0034C67B /* Base */,
			);
			name = Main.storyboard;
			sourceTree = "<group>";
		};
		CE82ACAD2118C3F20034C67B /* LaunchScreen.storyboard */ = {
			isa = PBXVariantGroup;
			children = (
				CE82ACAE2118C3F20034C67B /* Base */,
			);
			name = LaunchScreen.storyboard;
			sourceTree = "<group>";
		};
/* End PBXVariantGroup section */

/* Begin XCBuildConfiguration section */
		CE82ACB12118C3F20034C67B /* Debug */ = {
			isa = XCBuildConfiguration;
			buildSettings = {
				ALWAYS_SEARCH_USER_PATHS = NO;
				CLANG_ANALYZER_NONNULL = YES;
				CLANG_ANALYZER_NUMBER_OBJECT_CONVERSION = YES_AGGRESSIVE;
				CLANG_CXX_LANGUAGE_STANDARD = "gnu++14";
				CLANG_CXX_LIBRARY = "libc++";
				CLANG_ENABLE_MODULES = YES;
				CLANG_ENABLE_OBJC_ARC = YES;
				CLANG_ENABLE_OBJC_WEAK = YES;
				CLANG_WARN_BLOCK_CAPTURE_AUTORELEASING = YES;
				CLANG_WARN_BOOL_CONVERSION = YES;
				CLANG_WARN_COMMA = YES;
				CLANG_WARN_CONSTANT_CONVERSION = YES;
				CLANG_WARN_DEPRECATED_OBJC_IMPLEMENTATIONS = YES;
				CLANG_WARN_DIRECT_OBJC_ISA_USAGE = YES_ERROR;
				CLANG_WARN_DOCUMENTATION_COMMENTS = YES;
				CLANG_WARN_EMPTY_BODY = YES;
				CLANG_WARN_ENUM_CONVERSION = YES;
				CLANG_WARN_INFINITE_RECURSION = YES;
				CLANG_WARN_INT_CONVERSION = YES;
				CLANG_WARN_NON_LITERAL_NULL_CONVERSION = YES;
				CLANG_WARN_OBJC_IMPLICIT_RETAIN_SELF = YES;
				CLANG_WARN_OBJC_LITERAL_CONVERSION = YES;
				CLANG_WARN_OBJC_ROOT_CLASS = YES_ERROR;
				CLANG_WARN_RANGE_LOOP_ANALYSIS = YES;
				CLANG_WARN_STRICT_PROTOTYPES = YES;
				CLANG_WARN_SUSPICIOUS_MOVE = YES;
				CLANG_WARN_UNGUARDED_AVAILABILITY = YES_AGGRESSIVE;
				CLANG_WARN_UNREACHABLE_CODE = YES;
				CLANG_WARN__DUPLICATE_METHOD_MATCH = YES;
				CODE_SIGN_IDENTITY = "iPhone Developer";
				COPY_PHASE_STRIP = NO;
				DEBUG_INFORMATION_FORMAT = dwarf;
				ENABLE_STRICT_OBJC_MSGSEND = YES;
				ENABLE_TESTABILITY = YES;
				GCC_C_LANGUAGE_STANDARD = gnu11;
				GCC_DYNAMIC_NO_PIC = NO;
				GCC_NO_COMMON_BLOCKS = YES;
				GCC_OPTIMIZATION_LEVEL = 0;
				GCC_PREPROCESSOR_DEFINITIONS = (
					"DEBUG=1",
					"$(inherited)",
				);
				GCC_WARN_64_TO_32_BIT_CONVERSION = YES;
				GCC_WARN_ABOUT_RETURN_TYPE = YES_ERROR;
				GCC_WARN_UNDECLARED_SELECTOR = YES;
				GCC_WARN_UNINITIALIZED_AUTOS = YES_AGGRESSIVE;
				GCC_WARN_UNUSED_FUNCTION = YES;
				GCC_WARN_UNUSED_VARIABLE = YES;
				IPHONEOS_DEPLOYMENT_TARGET = 11.4;
				MTL_ENABLE_DEBUG_INFO = YES;
				ONLY_ACTIVE_ARCH = YES;
				SDKROOT = iphoneos;
				SWIFT_ACTIVE_COMPILATION_CONDITIONS = DEBUG;
				SWIFT_OPTIMIZATION_LEVEL = "-Onone";
			};
			name = Debug;
		};
		CE82ACB22118C3F20034C67B /* Release */ = {
			isa = XCBuildConfiguration;
			buildSettings = {
				ALWAYS_SEARCH_USER_PATHS = NO;
				CLANG_ANALYZER_NONNULL = YES;
				CLANG_ANALYZER_NUMBER_OBJECT_CONVERSION = YES_AGGRESSIVE;
				CLANG_CXX_LANGUAGE_STANDARD = "gnu++14";
				CLANG_CXX_LIBRARY = "libc++";
				CLANG_ENABLE_MODULES = YES;
				CLANG_ENABLE_OBJC_ARC = YES;
				CLANG_ENABLE_OBJC_WEAK = YES;
				CLANG_WARN_BLOCK_CAPTURE_AUTORELEASING = YES;
				CLANG_WARN_BOOL_CONVERSION = YES;
				CLANG_WARN_COMMA = YES;
				CLANG_WARN_CONSTANT_CONVERSION = YES;
				CLANG_WARN_DEPRECATED_OBJC_IMPLEMENTATIONS = YES;
				CLANG_WARN_DIRECT_OBJC_ISA_USAGE = YES_ERROR;
				CLANG_WARN_DOCUMENTATION_COMMENTS = YES;
				CLANG_WARN_EMPTY_BODY = YES;
				CLANG_WARN_ENUM_CONVERSION = YES;
				CLANG_WARN_INFINITE_RECURSION = YES;
				CLANG_WARN_INT_CONVERSION = YES;
				CLANG_WARN_NON_LITERAL_NULL_CONVERSION = YES;
				CLANG_WARN_OBJC_IMPLICIT_RETAIN_SELF = YES;
				CLANG_WARN_OBJC_LITERAL_CONVERSION = YES;
				CLANG_WARN_OBJC_ROOT_CLASS = YES_ERROR;
				CLANG_WARN_RANGE_LOOP_ANALYSIS = YES;
				CLANG_WARN_STRICT_PROTOTYPES = YES;
				CLANG_WARN_SUSPICIOUS_MOVE = YES;
				CLANG_WARN_UNGUARDED_AVAILABILITY = YES_AGGRESSIVE;
				CLANG_WARN_UNREACHABLE_CODE = YES;
				CLANG_WARN__DUPLICATE_METHOD_MATCH = YES;
				CODE_SIGN_IDENTITY = "iPhone Developer";
				COPY_PHASE_STRIP = NO;
				DEBUG_INFORMATION_FORMAT = "dwarf-with-dsym";
				ENABLE_NS_ASSERTIONS = NO;
				ENABLE_STRICT_OBJC_MSGSEND = YES;
				GCC_C_LANGUAGE_STANDARD = gnu11;
				GCC_NO_COMMON_BLOCKS = YES;
				GCC_WARN_64_TO_32_BIT_CONVERSION = YES;
				GCC_WARN_ABOUT_RETURN_TYPE = YES_ERROR;
				GCC_WARN_UNDECLARED_SELECTOR = YES;
				GCC_WARN_UNINITIALIZED_AUTOS = YES_AGGRESSIVE;
				GCC_WARN_UNUSED_FUNCTION = YES;
				GCC_WARN_UNUSED_VARIABLE = YES;
				IPHONEOS_DEPLOYMENT_TARGET = 11.4;
				MTL_ENABLE_DEBUG_INFO = NO;
				SDKROOT = iphoneos;
				SWIFT_COMPILATION_MODE = wholemodule;
				SWIFT_OPTIMIZATION_LEVEL = "-O";
				VALIDATE_PRODUCT = YES;
			};
			name = Release;
		};
		CE82ACB42118C3F20034C67B /* Debug */ = {
			isa = XCBuildConfiguration;
			buildSettings = {
				ASSETCATALOG_COMPILER_APPICON_NAME = AppIcon;
				CODE_SIGN_STYLE = Automatic;
				DEVELOPMENT_TEAM = L4XYQHCH99;
				INFOPLIST_FILE = "Gestures&Animations/Info.plist";
				LD_RUNPATH_SEARCH_PATHS = (
					"$(inherited)",
					"@executable_path/Frameworks",
				);
				PRODUCT_BUNDLE_IDENTIFIER = "com.sanjayshah.Gestures-Animations";
				PRODUCT_NAME = "$(TARGET_NAME)";
				SWIFT_VERSION = 4.0;
				TARGETED_DEVICE_FAMILY = "1,2";
			};
			name = Debug;
		};
		CE82ACB52118C3F20034C67B /* Release */ = {
			isa = XCBuildConfiguration;
			buildSettings = {
				ASSETCATALOG_COMPILER_APPICON_NAME = AppIcon;
				CODE_SIGN_STYLE = Automatic;
				DEVELOPMENT_TEAM = L4XYQHCH99;
				INFOPLIST_FILE = "Gestures&Animations/Info.plist";
				LD_RUNPATH_SEARCH_PATHS = (
					"$(inherited)",
					"@executable_path/Frameworks",
				);
				PRODUCT_BUNDLE_IDENTIFIER = "com.sanjayshah.Gestures-Animations";
				PRODUCT_NAME = "$(TARGET_NAME)";
				SWIFT_VERSION = 4.0;
				TARGETED_DEVICE_FAMILY = "1,2";
			};
			name = Release;
		};
/* End XCBuildConfiguration section */

/* Begin XCConfigurationList section */
		CE82AC9C2118C3EF0034C67B /* Build configuration list for PBXProject "Gestures&Animations" */ = {
			isa = XCConfigurationList;
			buildConfigurations = (
				CE82ACB12118C3F20034C67B /* Debug */,
				CE82ACB22118C3F20034C67B /* Release */,
			);
			defaultConfigurationIsVisible = 0;
			defaultConfigurationName = Release;
		};
		CE82ACB32118C3F20034C67B /* Build configuration list for PBXNativeTarget "Gestures&Animations" */ = {
			isa = XCConfigurationList;
			buildConfigurations = (
				CE82ACB42118C3F20034C67B /* Debug */,
				CE82ACB52118C3F20034C67B /* Release */,
			);
			defaultConfigurationIsVisible = 0;
			defaultConfigurationName = Release;
		};
/* End XCConfigurationList section */
	};
	rootObject = CE82AC992118C3EF0034C67B /* Project object */;
}
